
Microsoft Visual Studio Solution File, Format Version 12.00
# Visual Studio 15
VisualStudioVersion = 15.0.28307.705
MinimumVisualStudioVersion = 10.0.40219.1
Project("{9A19103F-16F7-4668-BE54-9A1E7A4F7556}") = "Grabble.UnitTest", "XUnitTestGrabble\Grabble.UnitTest.csproj", "{3970EBC4-E1D4-4187-A2BE-488902F8A853}"
EndProject
Project("{2150E333-8FDC-42A3-9474-1A3956D46DE8}") = "Solution Items", "Solution Items", "{734C7D0E-8738-4B9E-9A8C-812EC6D9D336}"
	ProjectSection(SolutionItems) = preProject
		resources\GrabbleOrder.uml = resources\GrabbleOrder.uml
		Migration-How To.txt = Migration-How To.txt
		OrderJsonTemplate.txt = OrderJsonTemplate.txt
	EndProjectSection
EndProject
Project("{FAE04EC0-301F-11D3-BF4B-00C04F79EFBC}") = "Grabble.Data", "Grabble.Data\Grabble.Data.csproj", "{D0799A2D-1C79-411C-B01A-309485B4F371}"
EndProject
Project("{FAE04EC0-301F-11D3-BF4B-00C04F79EFBC}") = "Grabble.Repository", "Grabble.Repository\Grabble.Repository.csproj", "{96D4A9F3-BE3A-42C4-BE9E-C48EFD771763}"
EndProject
Project("{FAE04EC0-301F-11D3-BF4B-00C04F79EFBC}") = "Grabble.Service", "Grabble.Service\Grabble.Service.csproj", "{D591FCB7-BACE-417A-AECB-960BD5E7D41F}"
EndProject
Project("{FAE04EC0-301F-11D3-BF4B-00C04F79EFBC}") = "GrabbleOrder.Api", "Order.Api\GrabbleOrder.Api.csproj", "{9F0B09CF-B983-4267-ACBA-3D9F203ADA52}"
EndProject
Global
	GlobalSection(SolutionConfigurationPlatforms) = preSolution
		Debug|Any CPU = Debug|Any CPU
		Release|Any CPU = Release|Any CPU
	EndGlobalSection
	GlobalSection(ProjectConfigurationPlatforms) = postSolution
		{3970EBC4-E1D4-4187-A2BE-488902F8A853}.Debug|Any CPU.ActiveCfg = Debug|Any CPU
		{3970EBC4-E1D4-4187-A2BE-488902F8A853}.Debug|Any CPU.Build.0 = Debug|Any CPU
		{3970EBC4-E1D4-4187-A2BE-488902F8A853}.Release|Any CPU.ActiveCfg = Release|Any CPU
		{3970EBC4-E1D4-4187-A2BE-488902F8A853}.Release|Any CPU.Build.0 = Release|Any CPU
		{D0799A2D-1C79-411C-B01A-309485B4F371}.Debug|Any CPU.ActiveCfg = Debug|Any CPU
		{D0799A2D-1C79-411C-B01A-309485B4F371}.Debug|Any CPU.Build.0 = Debug|Any CPU
		{D0799A2D-1C79-411C-B01A-309485B4F371}.Release|Any CPU.ActiveCfg = Release|Any CPU
		{D0799A2D-1C79-411C-B01A-309485B4F371}.Release|Any CPU.Build.0 = Release|Any CPU
		{96D4A9F3-BE3A-42C4-BE9E-C48EFD771763}.Debug|Any CPU.ActiveCfg = Debug|Any CPU
		{96D4A9F3-BE3A-42C4-BE9E-C48EFD771763}.Debug|Any CPU.Build.0 = Debug|Any CPU
		{96D4A9F3-BE3A-42C4-BE9E-C48EFD771763}.Release|Any CPU.ActiveCfg = Release|Any CPU
		{96D4A9F3-BE3A-42C4-BE9E-C48EFD771763}.Release|Any CPU.Build.0 = Release|Any CPU
		{D591FCB7-BACE-417A-AECB-960BD5E7D41F}.Debug|Any CPU.ActiveCfg = Debug|Any CPU
		{D591FCB7-BACE-417A-AECB-960BD5E7D41F}.Debug|Any CPU.Build.0 = Debug|Any CPU
		{D591FCB7-BACE-417A-AECB-960BD5E7D41F}.Release|Any CPU.ActiveCfg = Release|Any CPU
		{D591FCB7-BACE-417A-AECB-960BD5E7D41F}.Release|Any CPU.Build.0 = Release|Any CPU
		{9F0B09CF-B983-4267-ACBA-3D9F203ADA52}.Debug|Any CPU.ActiveCfg = Debug|Any CPU
		{9F0B09CF-B983-4267-ACBA-3D9F203ADA52}.Debug|Any CPU.Build.0 = Debug|Any CPU
		{9F0B09CF-B983-4267-ACBA-3D9F203ADA52}.Release|Any CPU.ActiveCfg = Release|Any CPU
		{9F0B09CF-B983-4267-ACBA-3D9F203ADA52}.Release|Any CPU.Build.0 = Release|Any CPU
	EndGlobalSection
	GlobalSection(SolutionProperties) = preSolution
		HideSolutionNode = FALSE
	EndGlobalSection
	GlobalSection(ExtensibilityGlobals) = postSolution
		SolutionGuid = {ACF252DC-1156-4D28-85B8-856EEE464C7E}
	EndGlobalSection
EndGlobal
